// !$*UTF8*$!
{
	archiveVersion = 1;
	classes = {
	};
	objectVersion = 46;
	objects = {

/* Begin PBXGroup section */
		18D9D935157ACAE100BBC165 = {
			isa = PBXGroup;
			children = (
			);
			sourceTree = "<group>";
		};
/* End PBXGroup section */

/* Begin PBXProject section */
		18D9D937157ACAE100BBC165 /* Project object */ = {
			isa = PBXProject;
			attributes = {
				LastUpgradeCheck = 0430;
				ORGANIZATIONNAME = "Ooghamist LLC";
			};
			buildConfigurationList = 18D9D93A157ACAE100BBC165 /* Build configuration list for PBXProject "SCZObjCStateMachine" */;
			compatibilityVersion = "Xcode 3.2";
			developmentRegion = English;
			hasScannedForEncodings = 0;
			knownRegions = (
				en,
			);
			mainGroup = 18D9D935157ACAE100BBC165;
			projectDirPath = "";
			projectRoot = "";
			targets = (
			);
		};
/* End PBXProject section */

/* Begin XCBuildConfiguration section */
		18D9D93C157ACAE100BBC165 /* Debug */ = {
			isa = XCBuildConfiguration;
			buildSettings = {
			};
			name = Debug;
		};
		18D9D93D157ACAE100BBC165 /* Release */ = {
			isa = XCBuildConfiguration;
			buildSettings = {
			};
			name = Release;
		};
/* End XCBuildConfiguration section */

/* Begin XCConfigurationList section */
		18D9D93A157ACAE100BBC165 /* Build configuration list for PBXProject "SCZObjCStateMachine" */ = {
			isa = XCConfigurationList;
			buildConfigurations = (
				18D9D93C157ACAE100BBC165 /* Debug */,
				18D9D93D157ACAE100BBC165 /* Release */,
			);
			defaultConfigurationIsVisible = 0;
			defaultConfigurationName = Release;
		};
/* End XCConfigurationList section */
	};
	rootObject = 18D9D937157ACAE100BBC165 /* Project object */;
}
